
Microsoft Visual Studio Solution File, Format Version 12.00
# Visual Studio Version 17
VisualStudioVersion = 17.8.34511.84
MinimumVisualStudioVersion = 10.0.40219.1
Project("{9A19103F-16F7-4668-BE54-9A1E7A4F7556}") = "TrocaValores", "TrocaValores\TrocaValores.csproj", "{4D4FF5B5-9264-4658-BF84-8291BD750ECD}"
EndProject
Project("{FAE04EC0-301F-11D3-BF4B-00C04F79EFBC}") = "AulasWindowsForms", "AulasWindowsForms\AulasWindowsForms.csproj", "{39215DD9-BEEA-43FE-97A1-178E73B69AC9}"
EndProject
Global
	GlobalSection(SolutionConfigurationPlatforms) = preSolution
		Debug|Any CPU = Debug|Any CPU
		Release|Any CPU = Release|Any CPU
	EndGlobalSection
	GlobalSection(ProjectConfigurationPlatforms) = postSolution
		{4D4FF5B5-9264-4658-BF84-8291BD750ECD}.Debug|Any CPU.ActiveCfg = Debug|Any CPU
		{4D4FF5B5-9264-4658-BF84-8291BD750ECD}.Debug|Any CPU.Build.0 = Debug|Any CPU
		{4D4FF5B5-9264-4658-BF84-8291BD750ECD}.Release|Any CPU.ActiveCfg = Release|Any CPU
		{4D4FF5B5-9264-4658-BF84-8291BD750ECD}.Release|Any CPU.Build.0 = Release|Any CPU
		{39215DD9-BEEA-43FE-97A1-178E73B69AC9}.Debug|Any CPU.ActiveCfg = Debug|Any CPU
		{39215DD9-BEEA-43FE-97A1-178E73B69AC9}.Debug|Any CPU.Build.0 = Debug|Any CPU
		{39215DD9-BEEA-43FE-97A1-178E73B69AC9}.Release|Any CPU.ActiveCfg = Release|Any CPU
		{39215DD9-BEEA-43FE-97A1-178E73B69AC9}.Release|Any CPU.Build.0 = Release|Any CPU
	EndGlobalSection
	GlobalSection(SolutionProperties) = preSolution
		HideSolutionNode = FALSE
	EndGlobalSection
	GlobalSection(ExtensibilityGlobals) = postSolution
		SolutionGuid = {6810AE0D-F277-48E9-AFAC-0B40A91B27C7}
	EndGlobalSection
EndGlobal
